Microsoft Visual Studio Solution File, Format Version 12.00
# Visual Studio Version 16
VisualStudioVersion = 16.0.29920.165
MinimumVisualStudioVersion = 15.0.26124.0

Project("{D954291E-2A0B-460D-934E-DC6B0785DB48}") = "HelloWorld.Shared", "HelloWorld.Shared\HelloWorld.Shared.shproj", "{6279C845-92F8-4333-AB99-3D213163593C}"
EndProject


Project("{9A19103F-16F7-4668-BE54-9A1E7A4F7556}") = "HelloWorld.Wasm", "HelloWorld.Wasm\HelloWorld.Wasm.csproj", "{40EA03F7-8A22-4143-B251-79BAC3EB13D2}"
EndProject





Global
	GlobalSection(SharedMSBuildProjectFiles) = preSolution
		HelloWorld.Shared\HelloWorld.Shared.projitems*{1aa13270-f438-4864-9435-54fd806e10ea}*SharedItemsImports = 5
		HelloWorld.Shared\HelloWorld.Shared.projitems*{A2494B2D-A68D-4A4B-A0CD-B3BB2EDF3C9F}*SharedItemsImports = 4
		HelloWorld.Shared\HelloWorld.Shared.projitems*{40ea03f7-8a22-4143-b251-79bac3eb13d2}*SharedItemsImports = 5
		HelloWorld.Shared\HelloWorld.Shared.projitems*{B306996A-7369-49BF-87E4-28FBBE01B1E9}*SharedItemsImports = 5
		HelloWorld.Shared\HelloWorld.Shared.projitems*{6279c845-92f8-4333-ab99-3d213163593c}*SharedItemsImports = 13
		HelloWorld.Shared\HelloWorld.Shared.projitems*{2D35EDA0-46E7-4E10-A672-08FEC6347393}*SharedItemsImports = 4
		HelloWorld.Shared\HelloWorld.Shared.projitems*{5447FADC-E584-4598-8951-6AFD3A85963C}*SharedItemsImports = 4
		HelloWorld.Shared\HelloWorld.Shared.projitems*{a5b8155a-118f-4794-b551-c6f3cf7e5411}*SharedItemsImports = 5
		HelloWorld.Shared\HelloWorld.Shared.projitems*{7C584127-B7ED-4D73-8F14-56CA92E9C722}*SharedItemsImports = 4
	EndGlobalSection
	GlobalSection(SolutionConfigurationPlatforms) = preSolution
		Debug|Any CPU = Debug|Any CPU
		Debug|ARM = Debug|ARM
		Debug|ARM64 = Debug|ARM64
		Debug|iPhone = Debug|iPhone
		Debug|iPhoneSimulator = Debug|iPhoneSimulator
		Debug|x64 = Debug|x64
		Debug|x86 = Debug|x86
		Release|Any CPU = Release|Any CPU
		Release|ARM = Release|ARM
		Release|ARM64 = Release|ARM64
		Release|iPhone = Release|iPhone
		Release|iPhoneSimulator = Release|iPhoneSimulator
		Release|x64 = Release|x64
		Release|x86 = Release|x86
	EndGlobalSection
	GlobalSection(ProjectConfigurationPlatforms) = postSolution

		{5447FADC-E584-4598-8951-6AFD3A85963C}.Debug|Any CPU.ActiveCfg = Debug|iPhone
		{5447FADC-E584-4598-8951-6AFD3A85963C}.Debug|Any CPU.Build.0 = Debug|iPhone
		{5447FADC-E584-4598-8951-6AFD3A85963C}.Debug|Any CPU.Deploy.0 = Debug|iPhone
		{5447FADC-E584-4598-8951-6AFD3A85963C}.Debug|ARM.ActiveCfg = Debug|iPhone
		{5447FADC-E584-4598-8951-6AFD3A85963C}.Debug|ARM64.ActiveCfg = Debug|iPhone
		{5447FADC-E584-4598-8951-6AFD3A85963C}.Debug|iPhone.ActiveCfg = Debug|iPhone
		{5447FADC-E584-4598-8951-6AFD3A85963C}.Debug|iPhone.Build.0 = Debug|iPhone
		{5447FADC-E584-4598-8951-6AFD3A85963C}.Debug|iPhoneSimulator.ActiveCfg = Debug|iPhoneSimulator
		{5447FADC-E584-4598-8951-6AFD3A85963C}.Debug|iPhoneSimulator.Build.0 = Debug|iPhoneSimulator
		{5447FADC-E584-4598-8951-6AFD3A85963C}.Debug|x64.ActiveCfg = Debug|iPhone
		{5447FADC-E584-4598-8951-6AFD3A85963C}.Debug|x64.Build.0 = Debug|iPhone
		{5447FADC-E584-4598-8951-6AFD3A85963C}.Debug|x64.Deploy.0 = Debug|iPhone
		{5447FADC-E584-4598-8951-6AFD3A85963C}.Debug|x86.ActiveCfg = Debug|iPhoneSimulator
		{5447FADC-E584-4598-8951-6AFD3A85963C}.Debug|x86.Build.0 = Debug|iPhoneSimulator
		{5447FADC-E584-4598-8951-6AFD3A85963C}.Debug|x86.Deploy.0 = Debug|iPhoneSimulator
		{5447FADC-E584-4598-8951-6AFD3A85963C}.Release|Any CPU.ActiveCfg = Release|iPhone
		{5447FADC-E584-4598-8951-6AFD3A85963C}.Release|ARM.ActiveCfg = Release|iPhone
		{5447FADC-E584-4598-8951-6AFD3A85963C}.Release|ARM64.ActiveCfg = Release|iPhone
		{5447FADC-E584-4598-8951-6AFD3A85963C}.Release|iPhone.ActiveCfg = Release|iPhone
		{5447FADC-E584-4598-8951-6AFD3A85963C}.Release|iPhone.Build.0 = Release|iPhone
		{5447FADC-E584-4598-8951-6AFD3A85963C}.Release|iPhoneSimulator.ActiveCfg = Release|iPhoneSimulator
		{5447FADC-E584-4598-8951-6AFD3A85963C}.Release|iPhoneSimulator.Build.0 = Release|iPhoneSimulator
		{5447FADC-E584-4598-8951-6AFD3A85963C}.Release|x64.ActiveCfg = Release|iPhoneSimulator
		{5447FADC-E584-4598-8951-6AFD3A85963C}.Release|x64.Build.0 = Release|iPhoneSimulator
		{5447FADC-E584-4598-8951-6AFD3A85963C}.Release|x64.Deploy.0 = Release|iPhoneSimulator
		{5447FADC-E584-4598-8951-6AFD3A85963C}.Release|x86.ActiveCfg = Release|iPhoneSimulator
		{5447FADC-E584-4598-8951-6AFD3A85963C}.Release|x86.Build.0 = Release|iPhoneSimulator

		{2D35EDA0-46E7-4E10-A672-08FEC6347393}.Debug|Any CPU.ActiveCfg = Debug|x86
		{2D35EDA0-46E7-4E10-A672-08FEC6347393}.Debug|Any CPU.Build.0 = Debug|x86
		{2D35EDA0-46E7-4E10-A672-08FEC6347393}.Debug|Any CPU.Deploy.0 = Debug|x86
		{2D35EDA0-46E7-4E10-A672-08FEC6347393}.Debug|ARM.ActiveCfg = Debug|ARM
		{2D35EDA0-46E7-4E10-A672-08FEC6347393}.Debug|ARM.Build.0 = Debug|ARM
		{2D35EDA0-46E7-4E10-A672-08FEC6347393}.Debug|ARM.Deploy.0 = Debug|ARM
		{2D35EDA0-46E7-4E10-A672-08FEC6347393}.Debug|ARM64.ActiveCfg = Debug|ARM64
		{2D35EDA0-46E7-4E10-A672-08FEC6347393}.Debug|ARM64.Build.0 = Debug|ARM64
		{2D35EDA0-46E7-4E10-A672-08FEC6347393}.Debug|ARM64.Deploy.0 = Debug|ARM64
		{2D35EDA0-46E7-4E10-A672-08FEC6347393}.Debug|iPhone.ActiveCfg = Debug|x86
		{2D35EDA0-46E7-4E10-A672-08FEC6347393}.Debug|iPhone.Build.0 = Debug|x86
		{2D35EDA0-46E7-4E10-A672-08FEC6347393}.Debug|iPhone.Deploy.0 = Debug|x86
		{2D35EDA0-46E7-4E10-A672-08FEC6347393}.Debug|iPhoneSimulator.ActiveCfg = Debug|x86
		{2D35EDA0-46E7-4E10-A672-08FEC6347393}.Debug|iPhoneSimulator.Build.0 = Debug|x86
		{2D35EDA0-46E7-4E10-A672-08FEC6347393}.Debug|iPhoneSimulator.Deploy.0 = Debug|x86
		{2D35EDA0-46E7-4E10-A672-08FEC6347393}.Debug|x64.ActiveCfg = Debug|x64
		{2D35EDA0-46E7-4E10-A672-08FEC6347393}.Debug|x64.Build.0 = Debug|x64
		{2D35EDA0-46E7-4E10-A672-08FEC6347393}.Debug|x64.Deploy.0 = Debug|x64
		{2D35EDA0-46E7-4E10-A672-08FEC6347393}.Debug|x86.ActiveCfg = Debug|x86
		{2D35EDA0-46E7-4E10-A672-08FEC6347393}.Debug|x86.Build.0 = Debug|x86
		{2D35EDA0-46E7-4E10-A672-08FEC6347393}.Debug|x86.Deploy.0 = Debug|x86
		{2D35EDA0-46E7-4E10-A672-08FEC6347393}.Release|Any CPU.ActiveCfg = Release|x86
		{2D35EDA0-46E7-4E10-A672-08FEC6347393}.Release|ARM.ActiveCfg = Release|ARM
		{2D35EDA0-46E7-4E10-A672-08FEC6347393}.Release|ARM.Build.0 = Release|ARM
		{2D35EDA0-46E7-4E10-A672-08FEC6347393}.Release|ARM.Deploy.0 = Release|ARM
		{2D35EDA0-46E7-4E10-A672-08FEC6347393}.Release|ARM64.ActiveCfg = Release|ARM64
		{2D35EDA0-46E7-4E10-A672-08FEC6347393}.Release|ARM64.Build.0 = Release|ARM64
		{2D35EDA0-46E7-4E10-A672-08FEC6347393}.Release|ARM64.Deploy.0 = Release|ARM64
		{2D35EDA0-46E7-4E10-A672-08FEC6347393}.Release|iPhone.ActiveCfg = Release|x86
		{2D35EDA0-46E7-4E10-A672-08FEC6347393}.Release|iPhone.Build.0 = Release|x86
		{2D35EDA0-46E7-4E10-A672-08FEC6347393}.Release|iPhoneSimulator.ActiveCfg = Release|x86
		{2D35EDA0-46E7-4E10-A672-08FEC6347393}.Release|iPhoneSimulator.Build.0 = Release|x86
		{2D35EDA0-46E7-4E10-A672-08FEC6347393}.Release|iPhoneSimulator.Deploy.0 = Release|x86
		{2D35EDA0-46E7-4E10-A672-08FEC6347393}.Release|x64.ActiveCfg = Release|x64
		{2D35EDA0-46E7-4E10-A672-08FEC6347393}.Release|x64.Build.0 = Release|x64
		{2D35EDA0-46E7-4E10-A672-08FEC6347393}.Release|x64.Deploy.0 = Release|x64
		{2D35EDA0-46E7-4E10-A672-08FEC6347393}.Release|x86.ActiveCfg = Release|x86
		{2D35EDA0-46E7-4E10-A672-08FEC6347393}.Release|x86.Build.0 = Release|x86
		{2D35EDA0-46E7-4E10-A672-08FEC6347393}.Release|x86.Deploy.0 = Release|x86



		{40EA03F7-8A22-4143-B251-79BAC3EB13D2}.Debug|Any CPU.ActiveCfg = Debug|Any CPU
		{40EA03F7-8A22-4143-B251-79BAC3EB13D2}.Debug|Any CPU.Build.0 = Debug|Any CPU
		{40EA03F7-8A22-4143-B251-79BAC3EB13D2}.Debug|ARM.ActiveCfg = Debug|Any CPU
		{40EA03F7-8A22-4143-B251-79BAC3EB13D2}.Debug|ARM.Build.0 = Debug|Any CPU
		{40EA03F7-8A22-4143-B251-79BAC3EB13D2}.Debug|ARM64.ActiveCfg = Debug|Any CPU
		{40EA03F7-8A22-4143-B251-79BAC3EB13D2}.Debug|ARM64.Build.0 = Debug|Any CPU
		{40EA03F7-8A22-4143-B251-79BAC3EB13D2}.Debug|iPhone.ActiveCfg = Debug|Any CPU
		{40EA03F7-8A22-4143-B251-79BAC3EB13D2}.Debug|iPhone.Build.0 = Debug|Any CPU
		{40EA03F7-8A22-4143-B251-79BAC3EB13D2}.Debug|iPhoneSimulator.ActiveCfg = Debug|Any CPU
		{40EA03F7-8A22-4143-B251-79BAC3EB13D2}.Debug|iPhoneSimulator.Build.0 = Debug|Any CPU
		{40EA03F7-8A22-4143-B251-79BAC3EB13D2}.Debug|x64.ActiveCfg = Debug|Any CPU
		{40EA03F7-8A22-4143-B251-79BAC3EB13D2}.Debug|x64.Build.0 = Debug|Any CPU
		{40EA03F7-8A22-4143-B251-79BAC3EB13D2}.Debug|x86.ActiveCfg = Debug|Any CPU
		{40EA03F7-8A22-4143-B251-79BAC3EB13D2}.Debug|x86.Build.0 = Debug|Any CPU
		{40EA03F7-8A22-4143-B251-79BAC3EB13D2}.Release|Any CPU.ActiveCfg = Release|Any CPU
		{40EA03F7-8A22-4143-B251-79BAC3EB13D2}.Release|Any CPU.Build.0 = Release|Any CPU
		{40EA03F7-8A22-4143-B251-79BAC3EB13D2}.Release|ARM.ActiveCfg = Release|Any CPU
		{40EA03F7-8A22-4143-B251-79BAC3EB13D2}.Release|ARM.Build.0 = Release|Any CPU
		{40EA03F7-8A22-4143-B251-79BAC3EB13D2}.Release|ARM64.ActiveCfg = Release|Any CPU
		{40EA03F7-8A22-4143-B251-79BAC3EB13D2}.Release|ARM64.Build.0 = Release|Any CPU
		{40EA03F7-8A22-4143-B251-79BAC3EB13D2}.Release|iPhone.ActiveCfg = Release|Any CPU
		{40EA03F7-8A22-4143-B251-79BAC3EB13D2}.Release|iPhone.Build.0 = Release|Any CPU
		{40EA03F7-8A22-4143-B251-79BAC3EB13D2}.Release|iPhoneSimulator.ActiveCfg = Release|Any CPU
		{40EA03F7-8A22-4143-B251-79BAC3EB13D2}.Release|iPhoneSimulator.Build.0 = Release|Any CPU
		{40EA03F7-8A22-4143-B251-79BAC3EB13D2}.Release|x64.ActiveCfg = Release|Any CPU
		{40EA03F7-8A22-4143-B251-79BAC3EB13D2}.Release|x64.Build.0 = Release|Any CPU
		{40EA03F7-8A22-4143-B251-79BAC3EB13D2}.Release|x86.ActiveCfg = Release|Any CPU
		{40EA03F7-8A22-4143-B251-79BAC3EB13D2}.Release|x86.Build.0 = Release|Any CPU

		{A2494B2D-A68D-4A4B-A0CD-B3BB2EDF3C9F}.Debug|Any CPU.ActiveCfg = Debug|iPhoneSimulator
		{A2494B2D-A68D-4A4B-A0CD-B3BB2EDF3C9F}.Debug|Any CPU.Build.0 = Debug|iPhoneSimulator
		{A2494B2D-A68D-4A4B-A0CD-B3BB2EDF3C9F}.Debug|ARM.ActiveCfg = Debug|iPhoneSimulator
		{A2494B2D-A68D-4A4B-A0CD-B3BB2EDF3C9F}.Debug|ARM64.ActiveCfg = Debug|iPhoneSimulator
		{A2494B2D-A68D-4A4B-A0CD-B3BB2EDF3C9F}.Debug|iPhone.ActiveCfg = Debug|iPhoneSimulator
		{A2494B2D-A68D-4A4B-A0CD-B3BB2EDF3C9F}.Debug|iPhone.Build.0 = Debug|iPhoneSimulator
		{A2494B2D-A68D-4A4B-A0CD-B3BB2EDF3C9F}.Debug|iPhoneSimulator.ActiveCfg = Debug|iPhoneSimulator
		{A2494B2D-A68D-4A4B-A0CD-B3BB2EDF3C9F}.Debug|iPhoneSimulator.Build.0 = Debug|iPhoneSimulator
		{A2494B2D-A68D-4A4B-A0CD-B3BB2EDF3C9F}.Debug|x64.ActiveCfg = Debug|iPhoneSimulator
		{A2494B2D-A68D-4A4B-A0CD-B3BB2EDF3C9F}.Debug|x64.Build.0 = Debug|iPhoneSimulator
		{A2494B2D-A68D-4A4B-A0CD-B3BB2EDF3C9F}.Debug|x86.ActiveCfg = Debug|iPhoneSimulator
		{A2494B2D-A68D-4A4B-A0CD-B3BB2EDF3C9F}.Debug|x86.Build.0 = Debug|iPhoneSimulator
		{A2494B2D-A68D-4A4B-A0CD-B3BB2EDF3C9F}.Release|Any CPU.ActiveCfg = Release|iPhoneSimulator
		{A2494B2D-A68D-4A4B-A0CD-B3BB2EDF3C9F}.Release|ARM.ActiveCfg = Release|iPhoneSimulator
		{A2494B2D-A68D-4A4B-A0CD-B3BB2EDF3C9F}.Release|ARM64.ActiveCfg = Release|iPhoneSimulator
		{A2494B2D-A68D-4A4B-A0CD-B3BB2EDF3C9F}.Release|iPhone.ActiveCfg = Release|iPhoneSimulator
		{A2494B2D-A68D-4A4B-A0CD-B3BB2EDF3C9F}.Release|iPhone.Build.0 = Release|iPhoneSimulator
		{A2494B2D-A68D-4A4B-A0CD-B3BB2EDF3C9F}.Release|iPhoneSimulator.ActiveCfg = Release|iPhoneSimulator
		{A2494B2D-A68D-4A4B-A0CD-B3BB2EDF3C9F}.Release|iPhoneSimulator.Build.0 = Release|iPhoneSimulator
		{A2494B2D-A68D-4A4B-A0CD-B3BB2EDF3C9F}.Release|x64.ActiveCfg = Release|iPhoneSimulator
		{A2494B2D-A68D-4A4B-A0CD-B3BB2EDF3C9F}.Release|x64.Build.0 = Release|iPhoneSimulator
		{A2494B2D-A68D-4A4B-A0CD-B3BB2EDF3C9F}.Release|x86.ActiveCfg = Release|iPhoneSimulator
		{A2494B2D-A68D-4A4B-A0CD-B3BB2EDF3C9F}.Release|x86.Build.0 = Release|iPhoneSimulator

		{04D3A50A-BD96-4168-A331-3AC5E63800DE}.Debug|Any CPU.ActiveCfg = Debug|arm64
		{04D3A50A-BD96-4168-A331-3AC5E63800DE}.Debug|Any CPU.Build.0 = Debug|arm64
		{04D3A50A-BD96-4168-A331-3AC5E63800DE}.Debug|ARM.ActiveCfg = Debug|Any CPU
		{04D3A50A-BD96-4168-A331-3AC5E63800DE}.Debug|ARM.Build.0 = Debug|Any CPU
		{04D3A50A-BD96-4168-A331-3AC5E63800DE}.Debug|ARM64.ActiveCfg = Debug|arm64
		{04D3A50A-BD96-4168-A331-3AC5E63800DE}.Debug|ARM64.Build.0 = Debug|arm64
		{04D3A50A-BD96-4168-A331-3AC5E63800DE}.Debug|iPhone.ActiveCfg = Debug|Any CPU
		{04D3A50A-BD96-4168-A331-3AC5E63800DE}.Debug|iPhone.Build.0 = Debug|Any CPU
		{04D3A50A-BD96-4168-A331-3AC5E63800DE}.Debug|iPhoneSimulator.ActiveCfg = Debug|Any CPU
		{04D3A50A-BD96-4168-A331-3AC5E63800DE}.Debug|iPhoneSimulator.Build.0 = Debug|Any CPU
		{04D3A50A-BD96-4168-A331-3AC5E63800DE}.Debug|x64.ActiveCfg = Debug|x64
		{04D3A50A-BD96-4168-A331-3AC5E63800DE}.Debug|x64.Build.0 = Debug|x64
		{04D3A50A-BD96-4168-A331-3AC5E63800DE}.Debug|x86.ActiveCfg = Debug|x86
		{04D3A50A-BD96-4168-A331-3AC5E63800DE}.Debug|x86.Build.0 = Debug|x86
		{04D3A50A-BD96-4168-A331-3AC5E63800DE}.Release|Any CPU.ActiveCfg = Release|Any CPU
		{04D3A50A-BD96-4168-A331-3AC5E63800DE}.Release|Any CPU.Build.0 = Release|Any CPU
		{04D3A50A-BD96-4168-A331-3AC5E63800DE}.Release|ARM.ActiveCfg = Release|Any CPU
		{04D3A50A-BD96-4168-A331-3AC5E63800DE}.Release|ARM.Build.0 = Release|Any CPU
		{04D3A50A-BD96-4168-A331-3AC5E63800DE}.Release|ARM64.ActiveCfg = Release|arm64
		{04D3A50A-BD96-4168-A331-3AC5E63800DE}.Release|ARM64.Build.0 = Release|arm64
		{04D3A50A-BD96-4168-A331-3AC5E63800DE}.Release|iPhone.ActiveCfg = Release|Any CPU
		{04D3A50A-BD96-4168-A331-3AC5E63800DE}.Release|iPhone.Build.0 = Release|Any CPU
		{04D3A50A-BD96-4168-A331-3AC5E63800DE}.Release|iPhoneSimulator.ActiveCfg = Release|Any CPU
		{04D3A50A-BD96-4168-A331-3AC5E63800DE}.Release|iPhoneSimulator.Build.0 = Release|Any CPU
		{04D3A50A-BD96-4168-A331-3AC5E63800DE}.Release|x64.ActiveCfg = Release|x64
		{04D3A50A-BD96-4168-A331-3AC5E63800DE}.Release|x64.Build.0 = Release|x64
		{04D3A50A-BD96-4168-A331-3AC5E63800DE}.Release|x86.ActiveCfg = Release|x86
		{04D3A50A-BD96-4168-A331-3AC5E63800DE}.Release|x86.Build.0 = Release|x86


	EndGlobalSection
	GlobalSection(SolutionProperties) = preSolution
		HideSolutionNode = FALSE
	EndGlobalSection
	GlobalSection(ExtensibilityGlobals) = postSolution
		SolutionGuid = {C7433AE2-B1A0-4C1A-887E-5CAA7AAF67A6}
	EndGlobalSection
EndGlobal
